
Microsoft Visual Studio Solution File, Format Version 12.00
# Visual Studio 15
VisualStudioVersion = 15.0.28010.2016
MinimumVisualStudioVersion = 10.0.40219.1
Project("{FAE04EC0-301F-11D3-BF4B-00C04F79EFBC}") = "Sand", "Sand\Sand.csproj", "{886AAC74-F8F3-487E-9152-9A48DF07B2BA}"
EndProject
Project("{FAE04EC0-301F-11D3-BF4B-00C04F79EFBC}") = "Box", "Box\Box.csproj", "{98B62007-F3DF-41CA-8196-3DEF4E1B9AD7}"
EndProject
Project("{FAE04EC0-301F-11D3-BF4B-00C04F79EFBC}") = "Box2", "Box2\Box2.csproj", "{8A5E5FEF-F751-4AE1-81E0-F303ECFBED5F}"
EndProject
Global
	GlobalSection(SolutionConfigurationPlatforms) = preSolution
		Debug|Any CPU = Debug|Any CPU
		Release|Any CPU = Release|Any CPU
	EndGlobalSection
	GlobalSection(ProjectConfigurationPlatforms) = postSolution
		{886AAC74-F8F3-487E-9152-9A48DF07B2BA}.Debug|Any CPU.ActiveCfg = Debug|Any CPU
		{886AAC74-F8F3-487E-9152-9A48DF07B2BA}.Debug|Any CPU.Build.0 = Debug|Any CPU
		{886AAC74-F8F3-487E-9152-9A48DF07B2BA}.Release|Any CPU.ActiveCfg = Release|Any CPU
		{886AAC74-F8F3-487E-9152-9A48DF07B2BA}.Release|Any CPU.Build.0 = Release|Any CPU
		{98B62007-F3DF-41CA-8196-3DEF4E1B9AD7}.Debug|Any CPU.ActiveCfg = Debug|Any CPU
		{98B62007-F3DF-41CA-8196-3DEF4E1B9AD7}.Debug|Any CPU.Build.0 = Debug|Any CPU
		{98B62007-F3DF-41CA-8196-3DEF4E1B9AD7}.Release|Any CPU.ActiveCfg = Release|Any CPU
		{98B62007-F3DF-41CA-8196-3DEF4E1B9AD7}.Release|Any CPU.Build.0 = Release|Any CPU
		{8A5E5FEF-F751-4AE1-81E0-F303ECFBED5F}.Debug|Any CPU.ActiveCfg = Debug|Any CPU
		{8A5E5FEF-F751-4AE1-81E0-F303ECFBED5F}.Debug|Any CPU.Build.0 = Debug|Any CPU
		{8A5E5FEF-F751-4AE1-81E0-F303ECFBED5F}.Release|Any CPU.ActiveCfg = Release|Any CPU
		{8A5E5FEF-F751-4AE1-81E0-F303ECFBED5F}.Release|Any CPU.Build.0 = Release|Any CPU
	EndGlobalSection
	GlobalSection(SolutionProperties) = preSolution
		HideSolutionNode = FALSE
	EndGlobalSection
	GlobalSection(ExtensibilityGlobals) = postSolution
		SolutionGuid = {E10A72D7-526D-406D-8FAC-4B4F63A39980}
	EndGlobalSection
EndGlobal
